
Microsoft Visual Studio Solution File, Format Version 12.00
# Visual Studio Version 17
VisualStudioVersion = 17.1.32319.34
MinimumVisualStudioVersion = 10.0.40219.1
Project("{9A19103F-16F7-4668-BE54-9A1E7A4F7556}") = "TableApp", "TableApp\TableApp.csproj", "{957CC783-6C71-43C1-9435-E6E3F75C93F9}"
EndProject
Project("{FAE04EC0-301F-11D3-BF4B-00C04F79EFBC}") = "TableAppTest", "TableAppTest\TableAppTest.csproj", "{8FE140D2-8B4E-4159-89C7-9119BDD9BF6C}"
EndProject
Global
	GlobalSection(SolutionConfigurationPlatforms) = preSolution
		Debug|Any CPU = Debug|Any CPU
		Release|Any CPU = Release|Any CPU
	EndGlobalSection
	GlobalSection(ProjectConfigurationPlatforms) = postSolution
		{957CC783-6C71-43C1-9435-E6E3F75C93F9}.Debug|Any CPU.ActiveCfg = Debug|Any CPU
		{957CC783-6C71-43C1-9435-E6E3F75C93F9}.Debug|Any CPU.Build.0 = Debug|Any CPU
		{957CC783-6C71-43C1-9435-E6E3F75C93F9}.Release|Any CPU.ActiveCfg = Release|Any CPU
		{957CC783-6C71-43C1-9435-E6E3F75C93F9}.Release|Any CPU.Build.0 = Release|Any CPU
		{8FE140D2-8B4E-4159-89C7-9119BDD9BF6C}.Debug|Any CPU.ActiveCfg = Debug|Any CPU
		{8FE140D2-8B4E-4159-89C7-9119BDD9BF6C}.Debug|Any CPU.Build.0 = Debug|Any CPU
		{8FE140D2-8B4E-4159-89C7-9119BDD9BF6C}.Release|Any CPU.ActiveCfg = Release|Any CPU
		{8FE140D2-8B4E-4159-89C7-9119BDD9BF6C}.Release|Any CPU.Build.0 = Release|Any CPU
	EndGlobalSection
	GlobalSection(SolutionProperties) = preSolution
		HideSolutionNode = FALSE
	EndGlobalSection
	GlobalSection(ExtensibilityGlobals) = postSolution
		SolutionGuid = {C4B19A8A-FEE6-4017-AFDE-38441CABD790}
	EndGlobalSection
EndGlobal
